
Microsoft Visual Studio Solution File, Format Version 12.00
# Visual Studio Version 17
VisualStudioVersion = 17.6.33723.286
MinimumVisualStudioVersion = 10.0.40219.1
Project("{9A19103F-16F7-4668-BE54-9A1E7A4F7556}") = "exercicio1", "exercicio1\exercicio1.csproj", "{472A9146-6796-4694-8345-220A4F04B5C1}"
EndProject
Project("{2150E333-8FDC-42A3-9474-1A3956D46DE8}") = "Itens de Solução", "Itens de Solução", "{54BF8573-6A2D-4C2B-8975-DA64146823FC}"
	ProjectSection(SolutionItems) = preProject
		exercicios.txt = exercicios.txt
	EndProjectSection
EndProject
Project("{FAE04EC0-301F-11D3-BF4B-00C04F79EFBC}") = "exercicio2", "exercicio2\exercicio2.csproj", "{94BF046A-EB78-427F-A49C-9CC31145A84C}"
EndProject
Project("{FAE04EC0-301F-11D3-BF4B-00C04F79EFBC}") = "exercicio3", "exercicio3\exercicio3.csproj", "{E13C1428-B05E-4343-9042-72234778F1DF}"
EndProject
Project("{FAE04EC0-301F-11D3-BF4B-00C04F79EFBC}") = "exercicio4", "exercicio4\exercicio4.csproj", "{61DB3A60-E298-43CF-9768-ACCB9FD0FA23}"
EndProject
Project("{FAE04EC0-301F-11D3-BF4B-00C04F79EFBC}") = "exercicio5", "exercicio5\exercicio5.csproj", "{2895051D-B715-44C0-94CC-9BA617988D6F}"
EndProject
Project("{FAE04EC0-301F-11D3-BF4B-00C04F79EFBC}") = "exercicio6", "exercicio6\exercicio6.csproj", "{80DCA200-3F06-40A9-9F79-0AFED22ABA6E}"
EndProject
Project("{FAE04EC0-301F-11D3-BF4B-00C04F79EFBC}") = "exercicio7", "exercicio7\exercicio7.csproj", "{C2FB9E74-4D93-4955-BD40-6247385F3CE2}"
EndProject
Global
	GlobalSection(SolutionConfigurationPlatforms) = preSolution
		Debug|Any CPU = Debug|Any CPU
		Release|Any CPU = Release|Any CPU
	EndGlobalSection
	GlobalSection(ProjectConfigurationPlatforms) = postSolution
		{472A9146-6796-4694-8345-220A4F04B5C1}.Debug|Any CPU.ActiveCfg = Debug|Any CPU
		{472A9146-6796-4694-8345-220A4F04B5C1}.Debug|Any CPU.Build.0 = Debug|Any CPU
		{472A9146-6796-4694-8345-220A4F04B5C1}.Release|Any CPU.ActiveCfg = Release|Any CPU
		{472A9146-6796-4694-8345-220A4F04B5C1}.Release|Any CPU.Build.0 = Release|Any CPU
		{94BF046A-EB78-427F-A49C-9CC31145A84C}.Debug|Any CPU.ActiveCfg = Debug|Any CPU
		{94BF046A-EB78-427F-A49C-9CC31145A84C}.Debug|Any CPU.Build.0 = Debug|Any CPU
		{94BF046A-EB78-427F-A49C-9CC31145A84C}.Release|Any CPU.ActiveCfg = Release|Any CPU
		{94BF046A-EB78-427F-A49C-9CC31145A84C}.Release|Any CPU.Build.0 = Release|Any CPU
		{E13C1428-B05E-4343-9042-72234778F1DF}.Debug|Any CPU.ActiveCfg = Debug|Any CPU
		{E13C1428-B05E-4343-9042-72234778F1DF}.Debug|Any CPU.Build.0 = Debug|Any CPU
		{E13C1428-B05E-4343-9042-72234778F1DF}.Release|Any CPU.ActiveCfg = Release|Any CPU
		{E13C1428-B05E-4343-9042-72234778F1DF}.Release|Any CPU.Build.0 = Release|Any CPU
		{61DB3A60-E298-43CF-9768-ACCB9FD0FA23}.Debug|Any CPU.ActiveCfg = Debug|Any CPU
		{61DB3A60-E298-43CF-9768-ACCB9FD0FA23}.Debug|Any CPU.Build.0 = Debug|Any CPU
		{61DB3A60-E298-43CF-9768-ACCB9FD0FA23}.Release|Any CPU.ActiveCfg = Release|Any CPU
		{61DB3A60-E298-43CF-9768-ACCB9FD0FA23}.Release|Any CPU.Build.0 = Release|Any CPU
		{2895051D-B715-44C0-94CC-9BA617988D6F}.Debug|Any CPU.ActiveCfg = Debug|Any CPU
		{2895051D-B715-44C0-94CC-9BA617988D6F}.Debug|Any CPU.Build.0 = Debug|Any CPU
		{2895051D-B715-44C0-94CC-9BA617988D6F}.Release|Any CPU.ActiveCfg = Release|Any CPU
		{2895051D-B715-44C0-94CC-9BA617988D6F}.Release|Any CPU.Build.0 = Release|Any CPU
		{80DCA200-3F06-40A9-9F79-0AFED22ABA6E}.Debug|Any CPU.ActiveCfg = Debug|Any CPU
		{80DCA200-3F06-40A9-9F79-0AFED22ABA6E}.Debug|Any CPU.Build.0 = Debug|Any CPU
		{80DCA200-3F06-40A9-9F79-0AFED22ABA6E}.Release|Any CPU.ActiveCfg = Release|Any CPU
		{80DCA200-3F06-40A9-9F79-0AFED22ABA6E}.Release|Any CPU.Build.0 = Release|Any CPU
		{C2FB9E74-4D93-4955-BD40-6247385F3CE2}.Debug|Any CPU.ActiveCfg = Debug|Any CPU
		{C2FB9E74-4D93-4955-BD40-6247385F3CE2}.Debug|Any CPU.Build.0 = Debug|Any CPU
		{C2FB9E74-4D93-4955-BD40-6247385F3CE2}.Release|Any CPU.ActiveCfg = Release|Any CPU
		{C2FB9E74-4D93-4955-BD40-6247385F3CE2}.Release|Any CPU.Build.0 = Release|Any CPU
	EndGlobalSection
	GlobalSection(SolutionProperties) = preSolution
		HideSolutionNode = FALSE
	EndGlobalSection
	GlobalSection(ExtensibilityGlobals) = postSolution
		SolutionGuid = {BCCE4622-6CB7-4900-901D-C4C652FBDD32}
	EndGlobalSection
EndGlobal
